
Microsoft Visual Studio Solution File, Format Version 12.00
# Visual Studio Version 17
VisualStudioVersion = 17.14.36414.22
MinimumVisualStudioVersion = 10.0.40219.1
Project("{FAE04EC0-301F-11D3-BF4B-00C04F79EFBC}") = "TpGame", "TpGame\TpGame.csproj", "{997126C7-9EF7-49E5-B106-45FBA6203D6C}"
EndProject
Project("{FAE04EC0-301F-11D3-BF4B-00C04F79EFBC}") = "TpGameAdmin", "TpGameAdmin\TpGameAdmin.csproj", "{29A9A9B2-C910-485E-A04F-991702FCB70D}"
EndProject
Project("{FAE04EC0-301F-11D3-BF4B-00C04F79EFBC}") = "TpGameCore", "TpGameCore\TpGameCore.csproj", "{EBFDC25D-25EA-4C49-B69B-56FE9CB1076E}"
EndProject
Global
	GlobalSection(SolutionConfigurationPlatforms) = preSolution
		Debug|Any CPU = Debug|Any CPU
		Release|Any CPU = Release|Any CPU
	EndGlobalSection
	GlobalSection(ProjectConfigurationPlatforms) = postSolution
		{997126C7-9EF7-49E5-B106-45FBA6203D6C}.Debug|Any CPU.ActiveCfg = Debug|Any CPU
		{997126C7-9EF7-49E5-B106-45FBA6203D6C}.Debug|Any CPU.Build.0 = Debug|Any CPU
		{997126C7-9EF7-49E5-B106-45FBA6203D6C}.Release|Any CPU.ActiveCfg = Release|Any CPU
		{997126C7-9EF7-49E5-B106-45FBA6203D6C}.Release|Any CPU.Build.0 = Release|Any CPU
		{29A9A9B2-C910-485E-A04F-991702FCB70D}.Debug|Any CPU.ActiveCfg = Debug|Any CPU
		{29A9A9B2-C910-485E-A04F-991702FCB70D}.Debug|Any CPU.Build.0 = Debug|Any CPU
		{29A9A9B2-C910-485E-A04F-991702FCB70D}.Release|Any CPU.ActiveCfg = Release|Any CPU
		{29A9A9B2-C910-485E-A04F-991702FCB70D}.Release|Any CPU.Build.0 = Release|Any CPU
		{EBFDC25D-25EA-4C49-B69B-56FE9CB1076E}.Debug|Any CPU.ActiveCfg = Debug|Any CPU
		{EBFDC25D-25EA-4C49-B69B-56FE9CB1076E}.Debug|Any CPU.Build.0 = Debug|Any CPU
		{EBFDC25D-25EA-4C49-B69B-56FE9CB1076E}.Release|Any CPU.ActiveCfg = Release|Any CPU
		{EBFDC25D-25EA-4C49-B69B-56FE9CB1076E}.Release|Any CPU.Build.0 = Release|Any CPU
	EndGlobalSection
	GlobalSection(SolutionProperties) = preSolution
		HideSolutionNode = FALSE
	EndGlobalSection
	GlobalSection(ExtensibilityGlobals) = postSolution
		SolutionGuid = {0F244F22-4189-42B0-A6E5-86E5C7DFEEDE}
	EndGlobalSection
EndGlobal
